// !$*UTF8*$!
{
	archiveVersion = 1;
	classes = {
	};
	objectVersion = 50;
	objects = {

/* Begin PBXBuildFile section */
		6D8B1327231D7E4F00F7074D /* RequestConstants.swift in Sources */ = {isa = PBXBuildFile; fileRef = 6D8B1326231D7E4F00F7074D /* RequestConstants.swift */; };
		6D8B1329231D860B00F7074D /* EmpresaAcessivelCodable.swift in Sources */ = {isa = PBXBuildFile; fileRef = 6D8B1328231D860B00F7074D /* EmpresaAcessivelCodable.swift */; };
		6D8B132B231DA9A300F7074D /* EmpresaRequest.swift in Sources */ = {isa = PBXBuildFile; fileRef = 6D8B132A231DA9A300F7074D /* EmpresaRequest.swift */; };
		6D8B132D231DA9BA00F7074D /* UserRequest.swift in Sources */ = {isa = PBXBuildFile; fileRef = 6D8B132C231DA9BA00F7074D /* UserRequest.swift */; };
		6D8B132F231DAAE300F7074D /* AvaliacaoRequest.swift in Sources */ = {isa = PBXBuildFile; fileRef = 6D8B132E231DAAE300F7074D /* AvaliacaoRequest.swift */; };
		E308109D2319B4B6009A7754 /* PickerController.swift in Sources */ = {isa = PBXBuildFile; fileRef = E308109C2319B4B6009A7754 /* PickerController.swift */; };
		E39891CE2317191F003F785B /* AvaliarCargoViewController.swift in Sources */ = {isa = PBXBuildFile; fileRef = E39891CD2317191F003F785B /* AvaliarCargoViewController.swift */; };
		E39891D023171937003F785B /* AvaliarNotasViewController.swift in Sources */ = {isa = PBXBuildFile; fileRef = E39891CF23171937003F785B /* AvaliarNotasViewController.swift */; };
		E39891D22317194B003F785B /* AvaliarProsViewController.swift in Sources */ = {isa = PBXBuildFile; fileRef = E39891D12317194B003F785B /* AvaliarProsViewController.swift */; };
		E39891D42317197F003F785B /* AvaliarDeficienciasViewController.swift in Sources */ = {isa = PBXBuildFile; fileRef = E39891D32317197F003F785B /* AvaliarDeficienciasViewController.swift */; };
		E39D073F23DA75AA0030ED7D /* PerfilViewController.swift in Sources */ = {isa = PBXBuildFile; fileRef = E39D073E23DA75AA0030ED7D /* PerfilViewController.swift */; };
		E39DB32423D5943400160BC3 /* Perfil.storyboard in Resources */ = {isa = PBXBuildFile; fileRef = E39DB32323D5943400160BC3 /* Perfil.storyboard */; };
		E3A5411C231C6C8A00F22DC8 /* UIColors.swift in Sources */ = {isa = PBXBuildFile; fileRef = E3A5411B231C6C8A00F22DC8 /* UIColors.swift */; };
		E3CBA81B2316EB9F00403440 /* Avaliar.storyboard in Resources */ = {isa = PBXBuildFile; fileRef = E3CBA81A2316EB9F00403440 /* Avaliar.storyboard */; };
		E3E905A523D06C2D00CC79FB /* Curadoria.storyboard in Resources */ = {isa = PBXBuildFile; fileRef = E3E905A423D06C2D00CC79FB /* Curadoria.storyboard */; };
		E3E905A723D07A4A00CC79FB /* CuradoriaViewController.swift in Sources */ = {isa = PBXBuildFile; fileRef = E3E905A623D07A4A00CC79FB /* CuradoriaViewController.swift */; };
		E40E5EE823170DC100915B21 /* BarraProgressoView.swift in Sources */ = {isa = PBXBuildFile; fileRef = E40E5EE723170DC100915B21 /* BarraProgressoView.swift */; };
		E4200B72231EDB9100AFD3A2 /* NovaEmpresaTableViewController.swift in Sources */ = {isa = PBXBuildFile; fileRef = E4200B71231EDB9100AFD3A2 /* NovaEmpresaTableViewController.swift */; };
		E4200B76231EE68500AFD3A2 /* TextViewController.swift in Sources */ = {isa = PBXBuildFile; fileRef = E4200B75231EE68500AFD3A2 /* TextViewController.swift */; };
		E42BD43923D7D4800055D166 /* VerificadorPalavras.swift in Sources */ = {isa = PBXBuildFile; fileRef = E42BD43823D7D4800055D166 /* VerificadorPalavras.swift */; };
		E42BD43B23D7D4970055D166 /* lista-palavroes-bloqueio.txt in Resources */ = {isa = PBXBuildFile; fileRef = E42BD43A23D7D4960055D166 /* lista-palavroes-bloqueio.txt */; };
		E4574F9B23D14656004F5840 /* Administracao.storyboard in Resources */ = {isa = PBXBuildFile; fileRef = E4574F9A23D14656004F5840 /* Administracao.storyboard */; };
		E48EE6D223E360DE00013E2B /* CloudKit.framework in Frameworks */ = {isa = PBXBuildFile; fileRef = E48EE6D123E360DE00013E2B /* CloudKit.framework */; };
		E4E9C3A92318AB2F004963D4 /* DetalhesEmpresaViewController.swift in Sources */ = {isa = PBXBuildFile; fileRef = E4E9C3A82318AB2F004963D4 /* DetalhesEmpresaViewController.swift */; };
		E4E9C3AB2318AB6C004963D4 /* DetalhesEmpresaController.swift in Sources */ = {isa = PBXBuildFile; fileRef = E4E9C3AA2318AB6C004963D4 /* DetalhesEmpresaController.swift */; };
		E4EDBF512314271F002936C7 /* AppDelegate.swift in Sources */ = {isa = PBXBuildFile; fileRef = E4EDBF502314271F002936C7 /* AppDelegate.swift */; };
		E4EDBF562314271F002936C7 /* Main.storyboard in Resources */ = {isa = PBXBuildFile; fileRef = E4EDBF542314271F002936C7 /* Main.storyboard */; };
		E4EDBF592314271F002936C7 /* Acessibilidade_MC3.xcdatamodeld in Sources */ = {isa = PBXBuildFile; fileRef = E4EDBF572314271F002936C7 /* Acessibilidade_MC3.xcdatamodeld */; };
		E4EDBF5B23142721002936C7 /* Assets.xcassets in Resources */ = {isa = PBXBuildFile; fileRef = E4EDBF5A23142721002936C7 /* Assets.xcassets */; };
		E4EDBF5E23142721002936C7 /* LaunchScreen.storyboard in Resources */ = {isa = PBXBuildFile; fileRef = E4EDBF5C23142721002936C7 /* LaunchScreen.storyboard */; };
		E4EDBF6923142721002936C7 /* Acessibilidade_MC3Tests.swift in Sources */ = {isa = PBXBuildFile; fileRef = E4EDBF6823142721002936C7 /* Acessibilidade_MC3Tests.swift */; };
		E4EDBF7423142721002936C7 /* Acessibilidade_MC3UITests.swift in Sources */ = {isa = PBXBuildFile; fileRef = E4EDBF7323142721002936C7 /* Acessibilidade_MC3UITests.swift */; };
		E4F330E92315C311006106E2 /* EmpresasViewController.swift in Sources */ = {isa = PBXBuildFile; fileRef = E4F330E82315C311006106E2 /* EmpresasViewController.swift */; };
		E4F330EB2315C34D006106E2 /* EmpresasController.swift in Sources */ = {isa = PBXBuildFile; fileRef = E4F330EA2315C34D006106E2 /* EmpresasController.swift */; };
		E4F330ED2315C60D006106E2 /* EmpresaTableViewCell.swift in Sources */ = {isa = PBXBuildFile; fileRef = E4F330EC2315C60D006106E2 /* EmpresaTableViewCell.swift */; };
		E4F40F7F2319855900DF4143 /* InformacoesTableViewCell.swift in Sources */ = {isa = PBXBuildFile; fileRef = E4F40F7E2319855900DF4143 /* InformacoesTableViewCell.swift */; };
		E4F40F812319ADCA00DF4143 /* AvaliacaoTableViewCell.swift in Sources */ = {isa = PBXBuildFile; fileRef = E4F40F802319ADCA00DF4143 /* AvaliacaoTableViewCell.swift */; };
		E4FA82A9231D7E2300BD6BFA /* Empresa.swift in Sources */ = {isa = PBXBuildFile; fileRef = E4FA82A8231D7E2300BD6BFA /* Empresa.swift */; };
		E4FA82AB231D7E5300BD6BFA /* Avaliacao.swift in Sources */ = {isa = PBXBuildFile; fileRef = E4FA82AA231D7E5300BD6BFA /* Avaliacao.swift */; };
		E4FA82B1231D898700BD6BFA /* AvaliacaoHeaderView.xib in Resources */ = {isa = PBXBuildFile; fileRef = E4FA82B0231D898700BD6BFA /* AvaliacaoHeaderView.xib */; };
		E4FA82B3231D89FB00BD6BFA /* AvaliacaoHeaderView.swift in Sources */ = {isa = PBXBuildFile; fileRef = E4FA82B2231D89FB00BD6BFA /* AvaliacaoHeaderView.swift */; };
		E4FDA8BE23D8AFB200F367CF /* CuradoriaEmpresasViewController.swift in Sources */ = {isa = PBXBuildFile; fileRef = E4FDA8BD23D8AFB200F367CF /* CuradoriaEmpresasViewController.swift */; };
		E4FDA8C023D8C0EF00F367CF /* CuradoriaDetalhesViewController.swift in Sources */ = {isa = PBXBuildFile; fileRef = E4FDA8BF23D8C0EF00F367CF /* CuradoriaDetalhesViewController.swift */; };
		E4FDA8C223D8C62700F367CF /* AvaliarEmpresaTableViewController.swift in Sources */ = {isa = PBXBuildFile; fileRef = E4FDA8C123D8C62700F367CF /* AvaliarEmpresaTableViewController.swift */; };
		E4FDA8C423D8D92F00F367CF /* AvaliarComentarioTableViewController.swift in Sources */ = {isa = PBXBuildFile; fileRef = E4FDA8C323D8D92F00F367CF /* AvaliarComentarioTableViewController.swift */; };
/* End PBXBuildFile section */

/* Begin PBXContainerItemProxy section */
		E4EDBF6523142721002936C7 /* PBXContainerItemProxy */ = {
			isa = PBXContainerItemProxy;
			containerPortal = E4EDBF452314271F002936C7 /* Project object */;
			proxyType = 1;
			remoteGlobalIDString = E4EDBF4C2314271F002936C7;
			remoteInfo = Acessibilidade_MC3;
		};
		E4EDBF7023142721002936C7 /* PBXContainerItemProxy */ = {
			isa = PBXContainerItemProxy;
			containerPortal = E4EDBF452314271F002936C7 /* Project object */;
			proxyType = 1;
			remoteGlobalIDString = E4EDBF4C2314271F002936C7;
			remoteInfo = Acessibilidade_MC3;
		};
/* End PBXContainerItemProxy section */

/* Begin PBXFileReference section */
		6D8B1326231D7E4F00F7074D /* RequestConstants.swift */ = {isa = PBXFileReference; lastKnownFileType = sourcecode.swift; path = RequestConstants.swift; sourceTree = "<group>"; };
		6D8B1328231D860B00F7074D /* EmpresaAcessivelCodable.swift */ = {isa = PBXFileReference; lastKnownFileType = sourcecode.swift; path = EmpresaAcessivelCodable.swift; sourceTree = "<group>"; };
		6D8B132A231DA9A300F7074D /* EmpresaRequest.swift */ = {isa = PBXFileReference; lastKnownFileType = sourcecode.swift; path = EmpresaRequest.swift; sourceTree = "<group>"; };
		6D8B132C231DA9BA00F7074D /* UserRequest.swift */ = {isa = PBXFileReference; lastKnownFileType = sourcecode.swift; path = UserRequest.swift; sourceTree = "<group>"; };
		6D8B132E231DAAE300F7074D /* AvaliacaoRequest.swift */ = {isa = PBXFileReference; lastKnownFileType = sourcecode.swift; path = AvaliacaoRequest.swift; sourceTree = "<group>"; };
		E308109C2319B4B6009A7754 /* PickerController.swift */ = {isa = PBXFileReference; lastKnownFileType = sourcecode.swift; path = PickerController.swift; sourceTree = "<group>"; };
		E39891CD2317191F003F785B /* AvaliarCargoViewController.swift */ = {isa = PBXFileReference; lastKnownFileType = sourcecode.swift; path = AvaliarCargoViewController.swift; sourceTree = "<group>"; };
		E39891CF23171937003F785B /* AvaliarNotasViewController.swift */ = {isa = PBXFileReference; lastKnownFileType = sourcecode.swift; path = AvaliarNotasViewController.swift; sourceTree = "<group>"; };
		E39891D12317194B003F785B /* AvaliarProsViewController.swift */ = {isa = PBXFileReference; lastKnownFileType = sourcecode.swift; path = AvaliarProsViewController.swift; sourceTree = "<group>"; };
		E39891D32317197F003F785B /* AvaliarDeficienciasViewController.swift */ = {isa = PBXFileReference; lastKnownFileType = sourcecode.swift; path = AvaliarDeficienciasViewController.swift; sourceTree = "<group>"; };
		E39D073E23DA75AA0030ED7D /* PerfilViewController.swift */ = {isa = PBXFileReference; lastKnownFileType = sourcecode.swift; path = PerfilViewController.swift; sourceTree = "<group>"; };
		E39DB32323D5943400160BC3 /* Perfil.storyboard */ = {isa = PBXFileReference; lastKnownFileType = file.storyboard; path = Perfil.storyboard; sourceTree = "<group>"; };
		E3A5411B231C6C8A00F22DC8 /* UIColors.swift */ = {isa = PBXFileReference; lastKnownFileType = sourcecode.swift; path = UIColors.swift; sourceTree = "<group>"; };
		E3CBA81A2316EB9F00403440 /* Avaliar.storyboard */ = {isa = PBXFileReference; lastKnownFileType = file.storyboard; path = Avaliar.storyboard; sourceTree = "<group>"; };
		E3E905A423D06C2D00CC79FB /* Curadoria.storyboard */ = {isa = PBXFileReference; lastKnownFileType = file.storyboard; path = Curadoria.storyboard; sourceTree = "<group>"; };
		E3E905A623D07A4A00CC79FB /* CuradoriaViewController.swift */ = {isa = PBXFileReference; lastKnownFileType = sourcecode.swift; path = CuradoriaViewController.swift; sourceTree = "<group>"; };
		E40E5EE723170DC100915B21 /* BarraProgressoView.swift */ = {isa = PBXFileReference; lastKnownFileType = sourcecode.swift; path = BarraProgressoView.swift; sourceTree = "<group>"; };
		E4200B6F231EC6A900AFD3A2 /* pt-BR */ = {isa = PBXFileReference; lastKnownFileType = text.plist.strings; name = "pt-BR"; path = "pt-BR.lproj/Main.strings"; sourceTree = "<group>"; };
		E4200B70231EC6A900AFD3A2 /* pt-BR */ = {isa = PBXFileReference; lastKnownFileType = text.plist.strings; name = "pt-BR"; path = "pt-BR.lproj/LaunchScreen.strings"; sourceTree = "<group>"; };
		E4200B71231EDB9100AFD3A2 /* NovaEmpresaTableViewController.swift */ = {isa = PBXFileReference; lastKnownFileType = sourcecode.swift; path = NovaEmpresaTableViewController.swift; sourceTree = "<group>"; };
		E4200B75231EE68500AFD3A2 /* TextViewController.swift */ = {isa = PBXFileReference; lastKnownFileType = sourcecode.swift; path = TextViewController.swift; sourceTree = "<group>"; };
		E42BD43823D7D4800055D166 /* VerificadorPalavras.swift */ = {isa = PBXFileReference; lastKnownFileType = sourcecode.swift; path = VerificadorPalavras.swift; sourceTree = "<group>"; };
		E42BD43A23D7D4960055D166 /* lista-palavroes-bloqueio.txt */ = {isa = PBXFileReference; fileEncoding = 4; lastKnownFileType = text; name = "lista-palavroes-bloqueio.txt"; path = "Acessibilidade_MC3/lista-palavroes-bloqueio.txt"; sourceTree = SOURCE_ROOT; };
		E4574F9A23D14656004F5840 /* Administracao.storyboard */ = {isa = PBXFileReference; lastKnownFileType = file.storyboard; path = Administracao.storyboard; sourceTree = "<group>"; };
		E48EE6CF23E360D700013E2B /* Acessibilidade_MC3.entitlements */ = {isa = PBXFileReference; lastKnownFileType = text.plist.entitlements; path = Acessibilidade_MC3.entitlements; sourceTree = "<group>"; };
		E48EE6D123E360DE00013E2B /* CloudKit.framework */ = {isa = PBXFileReference; lastKnownFileType = wrapper.framework; name = CloudKit.framework; path = System/Library/Frameworks/CloudKit.framework; sourceTree = SDKROOT; };
		E4E9C3A82318AB2F004963D4 /* DetalhesEmpresaViewController.swift */ = {isa = PBXFileReference; lastKnownFileType = sourcecode.swift; path = DetalhesEmpresaViewController.swift; sourceTree = "<group>"; };
		E4E9C3AA2318AB6C004963D4 /* DetalhesEmpresaController.swift */ = {isa = PBXFileReference; lastKnownFileType = sourcecode.swift; path = DetalhesEmpresaController.swift; sourceTree = "<group>"; };
		E4EDBF4D2314271F002936C7 /* Acessibilidade_MC3.app */ = {isa = PBXFileReference; explicitFileType = wrapper.application; includeInIndex = 0; path = Acessibilidade_MC3.app; sourceTree = BUILT_PRODUCTS_DIR; };
		E4EDBF502314271F002936C7 /* AppDelegate.swift */ = {isa = PBXFileReference; lastKnownFileType = sourcecode.swift; path = AppDelegate.swift; sourceTree = "<group>"; };
		E4EDBF552314271F002936C7 /* Base */ = {isa = PBXFileReference; lastKnownFileType = file.storyboard; name = Base; path = Base.lproj/Main.storyboard; sourceTree = "<group>"; };
		E4EDBF582314271F002936C7 /* Acessibilidade_MC3.xcdatamodel */ = {isa = PBXFileReference; lastKnownFileType = wrapper.xcdatamodel; path = Acessibilidade_MC3.xcdatamodel; sourceTree = "<group>"; };
		E4EDBF5A23142721002936C7 /* Assets.xcassets */ = {isa = PBXFileReference; lastKnownFileType = folder.assetcatalog; path = Assets.xcassets; sourceTree = "<group>"; };
		E4EDBF5D23142721002936C7 /* Base */ = {isa = PBXFileReference; lastKnownFileType = file.storyboard; name = Base; path = Base.lproj/LaunchScreen.storyboard; sourceTree = "<group>"; };
		E4EDBF5F23142721002936C7 /* Info.plist */ = {isa = PBXFileReference; lastKnownFileType = text.plist.xml; path = Info.plist; sourceTree = "<group>"; };
		E4EDBF6423142721002936C7 /* Acessibilidade_MC3Tests.xctest */ = {isa = PBXFileReference; explicitFileType = wrapper.cfbundle; includeInIndex = 0; path = Acessibilidade_MC3Tests.xctest; sourceTree = BUILT_PRODUCTS_DIR; };
		E4EDBF6823142721002936C7 /* Acessibilidade_MC3Tests.swift */ = {isa = PBXFileReference; lastKnownFileType = sourcecode.swift; path = Acessibilidade_MC3Tests.swift; sourceTree = "<group>"; };
		E4EDBF6A23142721002936C7 /* Info.plist */ = {isa = PBXFileReference; lastKnownFileType = text.plist.xml; path = Info.plist; sourceTree = "<group>"; };
		E4EDBF6F23142721002936C7 /* Acessibilidade_MC3UITests.xctest */ = {isa = PBXFileReference; explicitFileType = wrapper.cfbundle; includeInIndex = 0; path = Acessibilidade_MC3UITests.xctest; sourceTree = BUILT_PRODUCTS_DIR; };
		E4EDBF7323142721002936C7 /* Acessibilidade_MC3UITests.swift */ = {isa = PBXFileReference; lastKnownFileType = sourcecode.swift; path = Acessibilidade_MC3UITests.swift; sourceTree = "<group>"; };
		E4EDBF7523142721002936C7 /* Info.plist */ = {isa = PBXFileReference; lastKnownFileType = text.plist.xml; path = Info.plist; sourceTree = "<group>"; };
		E4F330E82315C311006106E2 /* EmpresasViewController.swift */ = {isa = PBXFileReference; lastKnownFileType = sourcecode.swift; path = EmpresasViewController.swift; sourceTree = "<group>"; };
		E4F330EA2315C34D006106E2 /* EmpresasController.swift */ = {isa = PBXFileReference; lastKnownFileType = sourcecode.swift; path = EmpresasController.swift; sourceTree = "<group>"; };
		E4F330EC2315C60D006106E2 /* EmpresaTableViewCell.swift */ = {isa = PBXFileReference; lastKnownFileType = sourcecode.swift; path = EmpresaTableViewCell.swift; sourceTree = "<group>"; };
		E4F40F7E2319855900DF4143 /* InformacoesTableViewCell.swift */ = {isa = PBXFileReference; lastKnownFileType = sourcecode.swift; path = InformacoesTableViewCell.swift; sourceTree = "<group>"; };
		E4F40F802319ADCA00DF4143 /* AvaliacaoTableViewCell.swift */ = {isa = PBXFileReference; lastKnownFileType = sourcecode.swift; path = AvaliacaoTableViewCell.swift; sourceTree = "<group>"; };
		E4FA82A8231D7E2300BD6BFA /* Empresa.swift */ = {isa = PBXFileReference; lastKnownFileType = sourcecode.swift; path = Empresa.swift; sourceTree = "<group>"; };
		E4FA82AA231D7E5300BD6BFA /* Avaliacao.swift */ = {isa = PBXFileReference; lastKnownFileType = sourcecode.swift; path = Avaliacao.swift; sourceTree = "<group>"; };
		E4FA82B0231D898700BD6BFA /* AvaliacaoHeaderView.xib */ = {isa = PBXFileReference; lastKnownFileType = file.xib; path = AvaliacaoHeaderView.xib; sourceTree = "<group>"; };
		E4FA82B2231D89FB00BD6BFA /* AvaliacaoHeaderView.swift */ = {isa = PBXFileReference; lastKnownFileType = sourcecode.swift; path = AvaliacaoHeaderView.swift; sourceTree = "<group>"; };
		E4FDA8BD23D8AFB200F367CF /* CuradoriaEmpresasViewController.swift */ = {isa = PBXFileReference; lastKnownFileType = sourcecode.swift; path = CuradoriaEmpresasViewController.swift; sourceTree = "<group>"; };
		E4FDA8BF23D8C0EF00F367CF /* CuradoriaDetalhesViewController.swift */ = {isa = PBXFileReference; lastKnownFileType = sourcecode.swift; path = CuradoriaDetalhesViewController.swift; sourceTree = "<group>"; };
		E4FDA8C123D8C62700F367CF /* AvaliarEmpresaTableViewController.swift */ = {isa = PBXFileReference; lastKnownFileType = sourcecode.swift; path = AvaliarEmpresaTableViewController.swift; sourceTree = "<group>"; };
		E4FDA8C323D8D92F00F367CF /* AvaliarComentarioTableViewController.swift */ = {isa = PBXFileReference; lastKnownFileType = sourcecode.swift; path = AvaliarComentarioTableViewController.swift; sourceTree = "<group>"; };
/* End PBXFileReference section */

/* Begin PBXFrameworksBuildPhase section */
		E4EDBF4A2314271F002936C7 /* Frameworks */ = {
			isa = PBXFrameworksBuildPhase;
			buildActionMask = 2147483647;
			files = (
				E48EE6D223E360DE00013E2B /* CloudKit.framework in Frameworks */,
			);
			runOnlyForDeploymentPostprocessing = 0;
		};
		E4EDBF6123142721002936C7 /* Frameworks */ = {
			isa = PBXFrameworksBuildPhase;
			buildActionMask = 2147483647;
			files = (
			);
			runOnlyForDeploymentPostprocessing = 0;
		};
		E4EDBF6C23142721002936C7 /* Frameworks */ = {
			isa = PBXFrameworksBuildPhase;
			buildActionMask = 2147483647;
			files = (
			);
			runOnlyForDeploymentPostprocessing = 0;
		};
/* End PBXFrameworksBuildPhase section */

/* Begin PBXGroup section */
		E48EE6D023E360DE00013E2B /* Frameworks */ = {
			isa = PBXGroup;
			children = (
				E48EE6D123E360DE00013E2B /* CloudKit.framework */,
			);
			name = Frameworks;
			sourceTree = "<group>";
		};
		E4EC31532314275F00613EA2 /* Model */ = {
			isa = PBXGroup;
			children = (
				E4EDBF572314271F002936C7 /* Acessibilidade_MC3.xcdatamodeld */,
				E4FA82A8231D7E2300BD6BFA /* Empresa.swift */,
				E4FA82AA231D7E5300BD6BFA /* Avaliacao.swift */,
				6D8B1326231D7E4F00F7074D /* RequestConstants.swift */,
				6D8B1328231D860B00F7074D /* EmpresaAcessivelCodable.swift */,
				6D8B132A231DA9A300F7074D /* EmpresaRequest.swift */,
				6D8B132E231DAAE300F7074D /* AvaliacaoRequest.swift */,
				6D8B132C231DA9BA00F7074D /* UserRequest.swift */,
				E42BD43823D7D4800055D166 /* VerificadorPalavras.swift */,
			);
			path = Model;
			sourceTree = "<group>";
		};
		E4EC31542314277600613EA2 /* View */ = {
			isa = PBXGroup;
			children = (
				E4EDBF542314271F002936C7 /* Main.storyboard */,
				E4FA82B0231D898700BD6BFA /* AvaliacaoHeaderView.xib */,
				E3CBA81A2316EB9F00403440 /* Avaliar.storyboard */,
				E4EDBF5C23142721002936C7 /* LaunchScreen.storyboard */,
				E4574F9A23D14656004F5840 /* Administracao.storyboard */,
				E4F330EC2315C60D006106E2 /* EmpresaTableViewCell.swift */,
				E3A5411B231C6C8A00F22DC8 /* UIColors.swift */,
				E40E5EE723170DC100915B21 /* BarraProgressoView.swift */,
				E4F40F7E2319855900DF4143 /* InformacoesTableViewCell.swift */,
				E4F40F802319ADCA00DF4143 /* AvaliacaoTableViewCell.swift */,
				E4FA82B2231D89FB00BD6BFA /* AvaliacaoHeaderView.swift */,
				E3E905A423D06C2D00CC79FB /* Curadoria.storyboard */,
				E39DB32323D5943400160BC3 /* Perfil.storyboard */,
			);
			path = View;
			sourceTree = "<group>";
		};
		E4EC31552314279D00613EA2 /* Controller */ = {
			isa = PBXGroup;
			children = (
				E4F330E82315C311006106E2 /* EmpresasViewController.swift */,
				E4F330EA2315C34D006106E2 /* EmpresasController.swift */,
				E4E9C3A82318AB2F004963D4 /* DetalhesEmpresaViewController.swift */,
				E4E9C3AA2318AB6C004963D4 /* DetalhesEmpresaController.swift */,
				E308109C2319B4B6009A7754 /* PickerController.swift */,
				E39891CD2317191F003F785B /* AvaliarCargoViewController.swift */,
				E39891CF23171937003F785B /* AvaliarNotasViewController.swift */,
				E39891D32317197F003F785B /* AvaliarDeficienciasViewController.swift */,
				E39891D12317194B003F785B /* AvaliarProsViewController.swift */,
				E4200B71231EDB9100AFD3A2 /* NovaEmpresaTableViewController.swift */,
				E4200B75231EE68500AFD3A2 /* TextViewController.swift */,
				E4FDA8BD23D8AFB200F367CF /* CuradoriaEmpresasViewController.swift */,
				E4FDA8BF23D8C0EF00F367CF /* CuradoriaDetalhesViewController.swift */,
				E4FDA8C123D8C62700F367CF /* AvaliarEmpresaTableViewController.swift */,
				E4FDA8C323D8D92F00F367CF /* AvaliarComentarioTableViewController.swift */,
				E3E905A623D07A4A00CC79FB /* CuradoriaViewController.swift */,
				E39D073E23DA75AA0030ED7D /* PerfilViewController.swift */,
			);
			path = Controller;
			sourceTree = "<group>";
		};
		E4EDBF442314271F002936C7 = {
			isa = PBXGroup;
			children = (
				E4EDBF4F2314271F002936C7 /* Acessibilidade_MC3 */,
				E4EDBF6723142721002936C7 /* Acessibilidade_MC3Tests */,
				E4EDBF7223142721002936C7 /* Acessibilidade_MC3UITests */,
				E4EDBF4E2314271F002936C7 /* Products */,
				E48EE6D023E360DE00013E2B /* Frameworks */,
			);
			sourceTree = "<group>";
		};
		E4EDBF4E2314271F002936C7 /* Products */ = {
			isa = PBXGroup;
			children = (
				E4EDBF4D2314271F002936C7 /* Acessibilidade_MC3.app */,
				E4EDBF6423142721002936C7 /* Acessibilidade_MC3Tests.xctest */,
				E4EDBF6F23142721002936C7 /* Acessibilidade_MC3UITests.xctest */,
			);
			name = Products;
			sourceTree = "<group>";
		};
		E4EDBF4F2314271F002936C7 /* Acessibilidade_MC3 */ = {
			isa = PBXGroup;
			children = (
				E48EE6CF23E360D700013E2B /* Acessibilidade_MC3.entitlements */,
				E42BD43A23D7D4960055D166 /* lista-palavroes-bloqueio.txt */,
				E4EDBF5F23142721002936C7 /* Info.plist */,
				E4EDBF502314271F002936C7 /* AppDelegate.swift */,
				E4EC31532314275F00613EA2 /* Model */,
				E4EC31542314277600613EA2 /* View */,
				E4EC31552314279D00613EA2 /* Controller */,
				E4EDBF5A23142721002936C7 /* Assets.xcassets */,
			);
			path = Acessibilidade_MC3;
			sourceTree = "<group>";
		};
		E4EDBF6723142721002936C7 /* Acessibilidade_MC3Tests */ = {
			isa = PBXGroup;
			children = (
				E4EDBF6823142721002936C7 /* Acessibilidade_MC3Tests.swift */,
				E4EDBF6A23142721002936C7 /* Info.plist */,
			);
			path = Acessibilidade_MC3Tests;
			sourceTree = "<group>";
		};
		E4EDBF7223142721002936C7 /* Acessibilidade_MC3UITests */ = {
			isa = PBXGroup;
			children = (
				E4EDBF7323142721002936C7 /* Acessibilidade_MC3UITests.swift */,
				E4EDBF7523142721002936C7 /* Info.plist */,
			);
			path = Acessibilidade_MC3UITests;
			sourceTree = "<group>";
		};
/* End PBXGroup section */

/* Begin PBXNativeTarget section */
		E4EDBF4C2314271F002936C7 /* Acessibilidade_MC3 */ = {
			isa = PBXNativeTarget;
			buildConfigurationList = E4EDBF7823142721002936C7 /* Build configuration list for PBXNativeTarget "Acessibilidade_MC3" */;
			buildPhases = (
				E4EDBF492314271F002936C7 /* Sources */,
				E4EDBF4A2314271F002936C7 /* Frameworks */,
				E4EDBF4B2314271F002936C7 /* Resources */,
				E41E55D523147A470030393B /* ShellScript */,
			);
			buildRules = (
			);
			dependencies = (
			);
			name = Acessibilidade_MC3;
			productName = Acessibilidade_MC3;
			productReference = E4EDBF4D2314271F002936C7 /* Acessibilidade_MC3.app */;
			productType = "com.apple.product-type.application";
		};
		E4EDBF6323142721002936C7 /* Acessibilidade_MC3Tests */ = {
			isa = PBXNativeTarget;
			buildConfigurationList = E4EDBF7B23142721002936C7 /* Build configuration list for PBXNativeTarget "Acessibilidade_MC3Tests" */;
			buildPhases = (
				E4EDBF6023142721002936C7 /* Sources */,
				E4EDBF6123142721002936C7 /* Frameworks */,
				E4EDBF6223142721002936C7 /* Resources */,
			);
			buildRules = (
			);
			dependencies = (
				E4EDBF6623142721002936C7 /* PBXTargetDependency */,
			);
			name = Acessibilidade_MC3Tests;
			productName = Acessibilidade_MC3Tests;
			productReference = E4EDBF6423142721002936C7 /* Acessibilidade_MC3Tests.xctest */;
			productType = "com.apple.product-type.bundle.unit-test";
		};
		E4EDBF6E23142721002936C7 /* Acessibilidade_MC3UITests */ = {
			isa = PBXNativeTarget;
			buildConfigurationList = E4EDBF7E23142721002936C7 /* Build configuration list for PBXNativeTarget "Acessibilidade_MC3UITests" */;
			buildPhases = (
				E4EDBF6B23142721002936C7 /* Sources */,
				E4EDBF6C23142721002936C7 /* Frameworks */,
				E4EDBF6D23142721002936C7 /* Resources */,
			);
			buildRules = (
			);
			dependencies = (
				E4EDBF7123142721002936C7 /* PBXTargetDependency */,
			);
			name = Acessibilidade_MC3UITests;
			productName = Acessibilidade_MC3UITests;
			productReference = E4EDBF6F23142721002936C7 /* Acessibilidade_MC3UITests.xctest */;
			productType = "com.apple.product-type.bundle.ui-testing";
		};
/* End PBXNativeTarget section */

/* Begin PBXProject section */
		E4EDBF452314271F002936C7 /* Project object */ = {
			isa = PBXProject;
			attributes = {
				LastSwiftUpdateCheck = 1030;
				LastUpgradeCheck = 1030;
				ORGANIZATIONNAME = "Lia Kassardjian";
				TargetAttributes = {
					E4EDBF4C2314271F002936C7 = {
						CreatedOnToolsVersion = 10.3;
					};
					E4EDBF6323142721002936C7 = {
						CreatedOnToolsVersion = 10.3;
						TestTargetID = E4EDBF4C2314271F002936C7;
					};
					E4EDBF6E23142721002936C7 = {
						CreatedOnToolsVersion = 10.3;
						TestTargetID = E4EDBF4C2314271F002936C7;
					};
				};
			};
			buildConfigurationList = E4EDBF482314271F002936C7 /* Build configuration list for PBXProject "Acessibilidade_MC3" */;
			compatibilityVersion = "Xcode 9.3";
			developmentRegion = en;
			hasScannedForEncodings = 0;
			knownRegions = (
				en,
				Base,
				"pt-BR",
			);
			mainGroup = E4EDBF442314271F002936C7;
			productRefGroup = E4EDBF4E2314271F002936C7 /* Products */;
			projectDirPath = "";
			projectRoot = "";
			targets = (
				E4EDBF4C2314271F002936C7 /* Acessibilidade_MC3 */,
				E4EDBF6323142721002936C7 /* Acessibilidade_MC3Tests */,
				E4EDBF6E23142721002936C7 /* Acessibilidade_MC3UITests */,
			);
		};
/* End PBXProject section */

/* Begin PBXResourcesBuildPhase section */
		E4EDBF4B2314271F002936C7 /* Resources */ = {
			isa = PBXResourcesBuildPhase;
			buildActionMask = 2147483647;
			files = (
				E4EDBF5E23142721002936C7 /* LaunchScreen.storyboard in Resources */,
				E4574F9B23D14656004F5840 /* Administracao.storyboard in Resources */,
				E4FA82B1231D898700BD6BFA /* AvaliacaoHeaderView.xib in Resources */,
				E4EDBF5B23142721002936C7 /* Assets.xcassets in Resources */,
				E4EDBF562314271F002936C7 /* Main.storyboard in Resources */,
				E42BD43B23D7D4970055D166 /* lista-palavroes-bloqueio.txt in Resources */,
				E39DB32423D5943400160BC3 /* Perfil.storyboard in Resources */,
				E3CBA81B2316EB9F00403440 /* Avaliar.storyboard in Resources */,
				E3E905A523D06C2D00CC79FB /* Curadoria.storyboard in Resources */,
			);
			runOnlyForDeploymentPostprocessing = 0;
		};
		E4EDBF6223142721002936C7 /* Resources */ = {
			isa = PBXResourcesBuildPhase;
			buildActionMask = 2147483647;
			files = (
			);
			runOnlyForDeploymentPostprocessing = 0;
		};
		E4EDBF6D23142721002936C7 /* Resources */ = {
			isa = PBXResourcesBuildPhase;
			buildActionMask = 2147483647;
			files = (
			);
			runOnlyForDeploymentPostprocessing = 0;
		};
/* End PBXResourcesBuildPhase section */

/* Begin PBXShellScriptBuildPhase section */
		E41E55D523147A470030393B /* ShellScript */ = {
			isa = PBXShellScriptBuildPhase;
			buildActionMask = 2147483647;
			files = (
			);
			inputFileListPaths = (
			);
			inputPaths = (
			);
			outputFileListPaths = (
			);
			outputPaths = (
			);
			runOnlyForDeploymentPostprocessing = 0;
			shellPath = /bin/sh;
			shellScript = "if which swiftlint >/dev/null; then\nswiftlint\nelse\necho \"warning: SwiftLint not installed, download from https://github.com/realm/SwiftLint\"\nfi\n";
		};
/* End PBXShellScriptBuildPhase section */

/* Begin PBXSourcesBuildPhase section */
		E4EDBF492314271F002936C7 /* Sources */ = {
			isa = PBXSourcesBuildPhase;
			buildActionMask = 2147483647;
			files = (
				6D8B132B231DA9A300F7074D /* EmpresaRequest.swift in Sources */,
				6D8B132F231DAAE300F7074D /* AvaliacaoRequest.swift in Sources */,
				E4FDA8C223D8C62700F367CF /* AvaliarEmpresaTableViewController.swift in Sources */,
				6D8B1329231D860B00F7074D /* EmpresaAcessivelCodable.swift in Sources */,
				6D8B1327231D7E4F00F7074D /* RequestConstants.swift in Sources */,
				E42BD43923D7D4800055D166 /* VerificadorPalavras.swift in Sources */,
				6D8B132D231DA9BA00F7074D /* UserRequest.swift in Sources */,
				E3A5411C231C6C8A00F22DC8 /* UIColors.swift in Sources */,
				E39891D42317197F003F785B /* AvaliarDeficienciasViewController.swift in Sources */,
				E39891D22317194B003F785B /* AvaliarProsViewController.swift in Sources */,
				E4FDA8BE23D8AFB200F367CF /* CuradoriaEmpresasViewController.swift in Sources */,
				E4FA82B3231D89FB00BD6BFA /* AvaliacaoHeaderView.swift in Sources */,
				E4FA82A9231D7E2300BD6BFA /* Empresa.swift in Sources */,
				E4200B76231EE68500AFD3A2 /* TextViewController.swift in Sources */,
				E4F40F7F2319855900DF4143 /* InformacoesTableViewCell.swift in Sources */,
				E40E5EE823170DC100915B21 /* BarraProgressoView.swift in Sources */,
				E4F330ED2315C60D006106E2 /* EmpresaTableViewCell.swift in Sources */,
				E3E905A723D07A4A00CC79FB /* CuradoriaViewController.swift in Sources */,
				E4F330E92315C311006106E2 /* EmpresasViewController.swift in Sources */,
				E4FDA8C023D8C0EF00F367CF /* CuradoriaDetalhesViewController.swift in Sources */,
				E39891D023171937003F785B /* AvaliarNotasViewController.swift in Sources */,
				E4FDA8C423D8D92F00F367CF /* AvaliarComentarioTableViewController.swift in Sources */,
				E308109D2319B4B6009A7754 /* PickerController.swift in Sources */,
				E4EDBF592314271F002936C7 /* Acessibilidade_MC3.xcdatamodeld in Sources */,
				E4F40F812319ADCA00DF4143 /* AvaliacaoTableViewCell.swift in Sources */,
				E4FA82AB231D7E5300BD6BFA /* Avaliacao.swift in Sources */,
				E4EDBF512314271F002936C7 /* AppDelegate.swift in Sources */,
				E4E9C3AB2318AB6C004963D4 /* DetalhesEmpresaController.swift in Sources */,
				E4F330EB2315C34D006106E2 /* EmpresasController.swift in Sources */,
				E39891CE2317191F003F785B /* AvaliarCargoViewController.swift in Sources */,
				E4E9C3A92318AB2F004963D4 /* DetalhesEmpresaViewController.swift in Sources */,
				E39D073F23DA75AA0030ED7D /* PerfilViewController.swift in Sources */,
				E4200B72231EDB9100AFD3A2 /* NovaEmpresaTableViewController.swift in Sources */,
			);
			runOnlyForDeploymentPostprocessing = 0;
		};
		E4EDBF6023142721002936C7 /* Sources */ = {
			isa = PBXSourcesBuildPhase;
			buildActionMask = 2147483647;
			files = (
				E4EDBF6923142721002936C7 /* Acessibilidade_MC3Tests.swift in Sources */,
			);
			runOnlyForDeploymentPostprocessing = 0;
		};
		E4EDBF6B23142721002936C7 /* Sources */ = {
			isa = PBXSourcesBuildPhase;
			buildActionMask = 2147483647;
			files = (
				E4EDBF7423142721002936C7 /* Acessibilidade_MC3UITests.swift in Sources */,
			);
			runOnlyForDeploymentPostprocessing = 0;
		};
/* End PBXSourcesBuildPhase section */

/* Begin PBXTargetDependency section */
		E4EDBF6623142721002936C7 /* PBXTargetDependency */ = {
			isa = PBXTargetDependency;
			target = E4EDBF4C2314271F002936C7 /* Acessibilidade_MC3 */;
			targetProxy = E4EDBF6523142721002936C7 /* PBXContainerItemProxy */;
		};
		E4EDBF7123142721002936C7 /* PBXTargetDependency */ = {
			isa = PBXTargetDependency;
			target = E4EDBF4C2314271F002936C7 /* Acessibilidade_MC3 */;
			targetProxy = E4EDBF7023142721002936C7 /* PBXContainerItemProxy */;
		};
/* End PBXTargetDependency section */

/* Begin PBXVariantGroup section */
		E4EDBF542314271F002936C7 /* Main.storyboard */ = {
			isa = PBXVariantGroup;
			children = (
				E4EDBF552314271F002936C7 /* Base */,
				E4200B6F231EC6A900AFD3A2 /* pt-BR */,
			);
			name = Main.storyboard;
			sourceTree = "<group>";
		};
		E4EDBF5C23142721002936C7 /* LaunchScreen.storyboard */ = {
			isa = PBXVariantGroup;
			children = (
				E4EDBF5D23142721002936C7 /* Base */,
				E4200B70231EC6A900AFD3A2 /* pt-BR */,
			);
			name = LaunchScreen.storyboard;
			sourceTree = "<group>";
		};
/* End PBXVariantGroup section */

/* Begin XCBuildConfiguration section */
		E4EDBF7623142721002936C7 /* Debug */ = {
			isa = XCBuildConfiguration;
			buildSettings = {
				ALWAYS_SEARCH_USER_PATHS = NO;
				CLANG_ANALYZER_LOCALIZABILITY_NONLOCALIZED = YES;
				CLANG_ANALYZER_NONNULL = YES;
				CLANG_ANALYZER_NUMBER_OBJECT_CONVERSION = YES_AGGRESSIVE;
				CLANG_CXX_LANGUAGE_STANDARD = "gnu++14";
				CLANG_CXX_LIBRARY = "libc++";
				CLANG_ENABLE_MODULES = YES;
				CLANG_ENABLE_OBJC_ARC = YES;
				CLANG_ENABLE_OBJC_WEAK = YES;
				CLANG_WARN_BLOCK_CAPTURE_AUTORELEASING = YES;
				CLANG_WARN_BOOL_CONVERSION = YES;
				CLANG_WARN_COMMA = YES;
				CLANG_WARN_CONSTANT_CONVERSION = YES;
				CLANG_WARN_DEPRECATED_OBJC_IMPLEMENTATIONS = YES;
				CLANG_WARN_DIRECT_OBJC_ISA_USAGE = YES_ERROR;
				CLANG_WARN_DOCUMENTATION_COMMENTS = YES;
				CLANG_WARN_EMPTY_BODY = YES;
				CLANG_WARN_ENUM_CONVERSION = YES;
				CLANG_WARN_INFINITE_RECURSION = YES;
				CLANG_WARN_INT_CONVERSION = YES;
				CLANG_WARN_NON_LITERAL_NULL_CONVERSION = YES;
				CLANG_WARN_OBJC_IMPLICIT_RETAIN_SELF = YES;
				CLANG_WARN_OBJC_LITERAL_CONVERSION = YES;
				CLANG_WARN_OBJC_ROOT_CLASS = YES_ERROR;
				CLANG_WARN_RANGE_LOOP_ANALYSIS = YES;
				CLANG_WARN_STRICT_PROTOTYPES = YES;
				CLANG_WARN_SUSPICIOUS_MOVE = YES;
				CLANG_WARN_UNGUARDED_AVAILABILITY = YES_AGGRESSIVE;
				CLANG_WARN_UNREACHABLE_CODE = YES;
				CLANG_WARN__DUPLICATE_METHOD_MATCH = YES;
				CODE_SIGN_IDENTITY = "iPhone Developer";
				COPY_PHASE_STRIP = NO;
				DEBUG_INFORMATION_FORMAT = dwarf;
				ENABLE_STRICT_OBJC_MSGSEND = YES;
				ENABLE_TESTABILITY = YES;
				GCC_C_LANGUAGE_STANDARD = gnu11;
				GCC_DYNAMIC_NO_PIC = NO;
				GCC_NO_COMMON_BLOCKS = YES;
				GCC_OPTIMIZATION_LEVEL = 0;
				GCC_PREPROCESSOR_DEFINITIONS = (
					"DEBUG=1",
					"$(inherited)",
				);
				GCC_WARN_64_TO_32_BIT_CONVERSION = YES;
				GCC_WARN_ABOUT_RETURN_TYPE = YES_ERROR;
				GCC_WARN_UNDECLARED_SELECTOR = YES;
				GCC_WARN_UNINITIALIZED_AUTOS = YES_AGGRESSIVE;
				GCC_WARN_UNUSED_FUNCTION = YES;
				GCC_WARN_UNUSED_VARIABLE = YES;
				IPHONEOS_DEPLOYMENT_TARGET = 12.4;
				MTL_ENABLE_DEBUG_INFO = INCLUDE_SOURCE;
				MTL_FAST_MATH = YES;
				ONLY_ACTIVE_ARCH = YES;
				SDKROOT = iphoneos;
				SWIFT_ACTIVE_COMPILATION_CONDITIONS = DEBUG;
				SWIFT_OPTIMIZATION_LEVEL = "-Onone";
			};
			name = Debug;
		};
		E4EDBF7723142721002936C7 /* Release */ = {
			isa = XCBuildConfiguration;
			buildSettings = {
				ALWAYS_SEARCH_USER_PATHS = NO;
				CLANG_ANALYZER_LOCALIZABILITY_NONLOCALIZED = YES;
				CLANG_ANALYZER_NONNULL = YES;
				CLANG_ANALYZER_NUMBER_OBJECT_CONVERSION = YES_AGGRESSIVE;
				CLANG_CXX_LANGUAGE_STANDARD = "gnu++14";
				CLANG_CXX_LIBRARY = "libc++";
				CLANG_ENABLE_MODULES = YES;
				CLANG_ENABLE_OBJC_ARC = YES;
				CLANG_ENABLE_OBJC_WEAK = YES;
				CLANG_WARN_BLOCK_CAPTURE_AUTORELEASING = YES;
				CLANG_WARN_BOOL_CONVERSION = YES;
				CLANG_WARN_COMMA = YES;
				CLANG_WARN_CONSTANT_CONVERSION = YES;
				CLANG_WARN_DEPRECATED_OBJC_IMPLEMENTATIONS = YES;
				CLANG_WARN_DIRECT_OBJC_ISA_USAGE = YES_ERROR;
				CLANG_WARN_DOCUMENTATION_COMMENTS = YES;
				CLANG_WARN_EMPTY_BODY = YES;
				CLANG_WARN_ENUM_CONVERSION = YES;
				CLANG_WARN_INFINITE_RECURSION = YES;
				CLANG_WARN_INT_CONVERSION = YES;
				CLANG_WARN_NON_LITERAL_NULL_CONVERSION = YES;
				CLANG_WARN_OBJC_IMPLICIT_RETAIN_SELF = YES;
				CLANG_WARN_OBJC_LITERAL_CONVERSION = YES;
				CLANG_WARN_OBJC_ROOT_CLASS = YES_ERROR;
				CLANG_WARN_RANGE_LOOP_ANALYSIS = YES;
				CLANG_WARN_STRICT_PROTOTYPES = YES;
				CLANG_WARN_SUSPICIOUS_MOVE = YES;
				CLANG_WARN_UNGUARDED_AVAILABILITY = YES_AGGRESSIVE;
				CLANG_WARN_UNREACHABLE_CODE = YES;
				CLANG_WARN__DUPLICATE_METHOD_MATCH = YES;
				CODE_SIGN_IDENTITY = "iPhone Developer";
				COPY_PHASE_STRIP = NO;
				DEBUG_INFORMATION_FORMAT = "dwarf-with-dsym";
				ENABLE_NS_ASSERTIONS = NO;
				ENABLE_STRICT_OBJC_MSGSEND = YES;
				GCC_C_LANGUAGE_STANDARD = gnu11;
				GCC_NO_COMMON_BLOCKS = YES;
				GCC_WARN_64_TO_32_BIT_CONVERSION = YES;
				GCC_WARN_ABOUT_RETURN_TYPE = YES_ERROR;
				GCC_WARN_UNDECLARED_SELECTOR = YES;
				GCC_WARN_UNINITIALIZED_AUTOS = YES_AGGRESSIVE;
				GCC_WARN_UNUSED_FUNCTION = YES;
				GCC_WARN_UNUSED_VARIABLE = YES;
				IPHONEOS_DEPLOYMENT_TARGET = 12.4;
				MTL_ENABLE_DEBUG_INFO = NO;
				MTL_FAST_MATH = YES;
				SDKROOT = iphoneos;
				SWIFT_COMPILATION_MODE = wholemodule;
				SWIFT_OPTIMIZATION_LEVEL = "-O";
				VALIDATE_PRODUCT = YES;
			};
			name = Release;
		};
		E4EDBF7923142721002936C7 /* Debug */ = {
			isa = XCBuildConfiguration;
			buildSettings = {
				ASSETCATALOG_COMPILER_APPICON_NAME = AppIcon;
				CODE_SIGN_ENTITLEMENTS = Acessibilidade_MC3/Acessibilidade_MC3.entitlements;
				CODE_SIGN_STYLE = Automatic;
				CURRENT_PROJECT_VERSION = 3;
				DEVELOPMENT_TEAM = 5HW626WUP4;
				INFOPLIST_FILE = Acessibilidade_MC3/Info.plist;
				LD_RUNPATH_SEARCH_PATHS = (
					"$(inherited)",
					"@executable_path/Frameworks",
				);
				PRODUCT_BUNDLE_IDENTIFIER = br.lk.Proficiente;
				PRODUCT_NAME = "$(TARGET_NAME)";
				SWIFT_VERSION = 5.0;
				TARGETED_DEVICE_FAMILY = "1,2";
			};
			name = Debug;
		};
		E4EDBF7A23142721002936C7 /* Release */ = {
			isa = XCBuildConfiguration;
			buildSettings = {
				ASSETCATALOG_COMPILER_APPICON_NAME = AppIcon;
				CODE_SIGN_ENTITLEMENTS = Acessibilidade_MC3/Acessibilidade_MC3.entitlements;
				CODE_SIGN_STYLE = Automatic;
				CURRENT_PROJECT_VERSION = 3;
				DEVELOPMENT_TEAM = 5HW626WUP4;
				INFOPLIST_FILE = Acessibilidade_MC3/Info.plist;
				LD_RUNPATH_SEARCH_PATHS = (
					"$(inherited)",
					"@executable_path/Frameworks",
				);
				PRODUCT_BUNDLE_IDENTIFIER = br.lk.Proficiente;
				PRODUCT_NAME = "$(TARGET_NAME)";
				SWIFT_VERSION = 5.0;
				TARGETED_DEVICE_FAMILY = "1,2";
			};
			name = Release;
		};
		E4EDBF7C23142721002936C7 /* Debug */ = {
			isa = XCBuildConfiguration;
			buildSettings = {
				ALWAYS_EMBED_SWIFT_STANDARD_LIBRARIES = YES;
				BUNDLE_LOADER = "$(TEST_HOST)";
				CODE_SIGN_STYLE = Automatic;
				DEVELOPMENT_TEAM = 5HW626WUP4;
				INFOPLIST_FILE = Acessibilidade_MC3Tests/Info.plist;
				LD_RUNPATH_SEARCH_PATHS = (
					"$(inherited)",
					"@executable_path/Frameworks",
					"@loader_path/Frameworks",
				);
				PRODUCT_BUNDLE_IDENTIFIER = "com.liakassardjian.Acessibilidade-MC3Tests";
				PRODUCT_NAME = "$(TARGET_NAME)";
				SWIFT_VERSION = 5.0;
				TARGETED_DEVICE_FAMILY = "1,2";
				TEST_HOST = "$(BUILT_PRODUCTS_DIR)/Acessibilidade_MC3.app/Acessibilidade_MC3";
			};
			name = Debug;
		};
		E4EDBF7D23142721002936C7 /* Release */ = {
			isa = XCBuildConfiguration;
			buildSettings = {
				ALWAYS_EMBED_SWIFT_STANDARD_LIBRARIES = YES;
				BUNDLE_LOADER = "$(TEST_HOST)";
				CODE_SIGN_STYLE = Automatic;
				DEVELOPMENT_TEAM = 5HW626WUP4;
				INFOPLIST_FILE = Acessibilidade_MC3Tests/Info.plist;
				LD_RUNPATH_SEARCH_PATHS = (
					"$(inherited)",
					"@executable_path/Frameworks",
					"@loader_path/Frameworks",
				);
				PRODUCT_BUNDLE_IDENTIFIER = "com.liakassardjian.Acessibilidade-MC3Tests";
				PRODUCT_NAME = "$(TARGET_NAME)";
				SWIFT_VERSION = 5.0;
				TARGETED_DEVICE_FAMILY = "1,2";
				TEST_HOST = "$(BUILT_PRODUCTS_DIR)/Acessibilidade_MC3.app/Acessibilidade_MC3";
			};
			name = Release;
		};
		E4EDBF7F23142721002936C7 /* Debug */ = {
			isa = XCBuildConfiguration;
			buildSettings = {
				ALWAYS_EMBED_SWIFT_STANDARD_LIBRARIES = YES;
				CODE_SIGN_STYLE = Automatic;
				DEVELOPMENT_TEAM = 5HW626WUP4;
				INFOPLIST_FILE = Acessibilidade_MC3UITests/Info.plist;
				LD_RUNPATH_SEARCH_PATHS = (
					"$(inherited)",
					"@executable_path/Frameworks",
					"@loader_path/Frameworks",
				);
				PRODUCT_BUNDLE_IDENTIFIER = "com.liakassardjian.Acessibilidade-MC3UITests";
				PRODUCT_NAME = "$(TARGET_NAME)";
				SWIFT_VERSION = 5.0;
				TARGETED_DEVICE_FAMILY = "1,2";
				TEST_TARGET_NAME = Acessibilidade_MC3;
			};
			name = Debug;
		};
		E4EDBF8023142721002936C7 /* Release */ = {
			isa = XCBuildConfiguration;
			buildSettings = {
				ALWAYS_EMBED_SWIFT_STANDARD_LIBRARIES = YES;
				CODE_SIGN_STYLE = Automatic;
				DEVELOPMENT_TEAM = 5HW626WUP4;
				INFOPLIST_FILE = Acessibilidade_MC3UITests/Info.plist;
				LD_RUNPATH_SEARCH_PATHS = (
					"$(inherited)",
					"@executable_path/Frameworks",
					"@loader_path/Frameworks",
				);
				PRODUCT_BUNDLE_IDENTIFIER = "com.liakassardjian.Acessibilidade-MC3UITests";
				PRODUCT_NAME = "$(TARGET_NAME)";
				SWIFT_VERSION = 5.0;
				TARGETED_DEVICE_FAMILY = "1,2";
				TEST_TARGET_NAME = Acessibilidade_MC3;
			};
			name = Release;
		};
/* End XCBuildConfiguration section */

/* Begin XCConfigurationList section */
		E4EDBF482314271F002936C7 /* Build configuration list for PBXProject "Acessibilidade_MC3" */ = {
			isa = XCConfigurationList;
			buildConfigurations = (
				E4EDBF7623142721002936C7 /* Debug */,
				E4EDBF7723142721002936C7 /* Release */,
			);
			defaultConfigurationIsVisible = 0;
			defaultConfigurationName = Release;
		};
		E4EDBF7823142721002936C7 /* Build configuration list for PBXNativeTarget "Acessibilidade_MC3" */ = {
			isa = XCConfigurationList;
			buildConfigurations = (
				E4EDBF7923142721002936C7 /* Debug */,
				E4EDBF7A23142721002936C7 /* Release */,
			);
			defaultConfigurationIsVisible = 0;
			defaultConfigurationName = Release;
		};
		E4EDBF7B23142721002936C7 /* Build configuration list for PBXNativeTarget "Acessibilidade_MC3Tests" */ = {
			isa = XCConfigurationList;
			buildConfigurations = (
				E4EDBF7C23142721002936C7 /* Debug */,
				E4EDBF7D23142721002936C7 /* Release */,
			);
			defaultConfigurationIsVisible = 0;
			defaultConfigurationName = Release;
		};
		E4EDBF7E23142721002936C7 /* Build configuration list for PBXNativeTarget "Acessibilidade_MC3UITests" */ = {
			isa = XCConfigurationList;
			buildConfigurations = (
				E4EDBF7F23142721002936C7 /* Debug */,
				E4EDBF8023142721002936C7 /* Release */,
			);
			defaultConfigurationIsVisible = 0;
			defaultConfigurationName = Release;
		};
/* End XCConfigurationList section */

/* Begin XCVersionGroup section */
		E4EDBF572314271F002936C7 /* Acessibilidade_MC3.xcdatamodeld */ = {
			isa = XCVersionGroup;
			children = (
				E4EDBF582314271F002936C7 /* Acessibilidade_MC3.xcdatamodel */,
			);
			currentVersion = E4EDBF582314271F002936C7 /* Acessibilidade_MC3.xcdatamodel */;
			path = Acessibilidade_MC3.xcdatamodeld;
			sourceTree = "<group>";
			versionGroupType = wrapper.xcdatamodel;
		};
/* End XCVersionGroup section */
	};
	rootObject = E4EDBF452314271F002936C7 /* Project object */;
}
